{
  "name": "Test2D",
  "version": "3.6.3",
  "lockfileVersion": 2,
  "requires": true,
  "packages": {
    "": {
      "name": "Test2D",
      "version": "3.6.3",
      "dependencies": {
        "liobio_libs": "^1.1.2"
      }
    },
    "node_modules/liobio_libs": {
      "version": "1.1.2",
      "resolved": "https://registry.npmjs.org/liobio_libs/-/liobio_libs-1.1.2.tgz",
      "integrity": "sha512-Ib+hZbznFjCnoiwz+B4VuTJ0+PPipnTxdopzAyhkQWcwXG8WuBg+et6WyRaz1h2mnvYEMbtfPkTOu51HUOu3kw=="
    }
  },
  "dependencies": {
    "liobio_libs": {
      "version": "1.1.2",
      "resolved": "https://registry.npmjs.org/liobio_libs/-/liobio_libs-1.1.2.tgz",
      "integrity": "sha512-Ib+hZbznFjCnoiwz+B4VuTJ0+PPipnTxdopzAyhkQWcwXG8WuBg+et6WyRaz1h2mnvYEMbtfPkTOu51HUOu3kw=="
    }
  }
}
